
Microsoft Visual Studio Solution File, Format Version 12.00
# Visual Studio Version 17
VisualStudioVersion = 17.7.34031.279
MinimumVisualStudioVersion = 10.0.40219.1
Project("{FAE04EC0-301F-11D3-BF4B-00C04F79EFBC}") = "tareaSebastianCastro", "tareaSebastianCastro\tareaSebastianCastro.csproj", "{5E3AE6D7-ADD0-427C-8609-83C7623593CA}"
EndProject
Global
	GlobalSection(SolutionConfigurationPlatforms) = preSolution
		Debug|Any CPU = Debug|Any CPU
		Release|Any CPU = Release|Any CPU
	EndGlobalSection
	GlobalSection(ProjectConfigurationPlatforms) = postSolution
		{5E3AE6D7-ADD0-427C-8609-83C7623593CA}.Debug|Any CPU.ActiveCfg = Debug|Any CPU
		{5E3AE6D7-ADD0-427C-8609-83C7623593CA}.Debug|Any CPU.Build.0 = Debug|Any CPU
		{5E3AE6D7-ADD0-427C-8609-83C7623593CA}.Release|Any CPU.ActiveCfg = Release|Any CPU
		{5E3AE6D7-ADD0-427C-8609-83C7623593CA}.Release|Any CPU.Build.0 = Release|Any CPU
	EndGlobalSection
	GlobalSection(SolutionProperties) = preSolution
		HideSolutionNode = FALSE
	EndGlobalSection
	GlobalSection(ExtensibilityGlobals) = postSolution
		SolutionGuid = {15C3443A-FD67-44ED-A3C9-B2A500BC23BA}
	EndGlobalSection
EndGlobal
